
Microsoft Visual Studio Solution File, Format Version 12.00
# Visual Studio Version 17
VisualStudioVersion = 17.8.34322.80
MinimumVisualStudioVersion = 10.0.40219.1
Project("{FAE04EC0-301F-11D3-BF4B-00C04F79EFBC}") = "CompareDatabase", "CompareDatabase\CompareDatabase.csproj", "{CFB8E743-B167-4454-9BCF-C515C5DFF7A2}"
EndProject
Global
	GlobalSection(SolutionConfigurationPlatforms) = preSolution
		Debug|Any CPU = Debug|Any CPU
		Release|Any CPU = Release|Any CPU
	EndGlobalSection
	GlobalSection(ProjectConfigurationPlatforms) = postSolution
		{CFB8E743-B167-4454-9BCF-C515C5DFF7A2}.Debug|Any CPU.ActiveCfg = Debug|Any CPU
		{CFB8E743-B167-4454-9BCF-C515C5DFF7A2}.Debug|Any CPU.Build.0 = Debug|Any CPU
		{CFB8E743-B167-4454-9BCF-C515C5DFF7A2}.Release|Any CPU.ActiveCfg = Release|Any CPU
		{CFB8E743-B167-4454-9BCF-C515C5DFF7A2}.Release|Any CPU.Build.0 = Release|Any CPU
	EndGlobalSection
	GlobalSection(SolutionProperties) = preSolution
		HideSolutionNode = FALSE
	EndGlobalSection
	GlobalSection(ExtensibilityGlobals) = postSolution
		SolutionGuid = {834EBC24-1BF1-45BE-8717-FBD003E5C22F}
	EndGlobalSection
EndGlobal
